schema: '2.0'
stages:
  data_ingestion:
    cmd: python3 src/data_ingestion.py
    deps:
    - path: src/data_ingestion.py
      hash: md5
      md5: ce394f14faeb7f91695c6b167c744048
      size: 720
    outs:
    - path: data/processed
      hash: md5
      md5: 6114cb2f42a1db1331702e0bae769737.dir
      size: 556489
      nfiles: 1
  data_preprocessing:
    cmd: python3 src/data_processing.py
    deps:
    - path: data/processed
      hash: md5
      md5: 6114cb2f42a1db1331702e0bae769737.dir
      size: 556489
      nfiles: 1
    - path: src/data_processing.py
      hash: md5
      md5: d53bb7401892505142b7d543bb99dd4f
      size: 1854
    outs:
    - path: data/raw
      hash: md5
      md5: 2a6553e07689dc1d97e2f3bd5dad1b2d.dir
      size: 2864914
      nfiles: 4
  Model added:
    cmd: python3 src/model.py
    deps:
    - path: data/raw
      hash: md5
      md5: 2a6553e07689dc1d97e2f3bd5dad1b2d.dir
      size: 2864914
      nfiles: 4
    - path: src/model.py
      hash: md5
      md5: e73fb1e48925c6611746908456fc9a66
      size: 802
    outs:
    - path: models
      hash: md5
      md5: 999ce2822d40dcbd729418c74d6748ff.dir
      size: 701
      nfiles: 1
